// !$*UTF8*$!
{
	archiveVersion = 1;
	classes = {
	};
	objectVersion = 46;
	objects = {

/* Begin PBXBuildFile section */
		8222762E1C3D99B900F17280 /* AppDelegate.swift in Sources */ = {isa = PBXBuildFile; fileRef = 8222762D1C3D99B900F17280 /* AppDelegate.swift */; };
		822276301C3D99B900F17280 /* ViewController.swift in Sources */ = {isa = PBXBuildFile; fileRef = 8222762F1C3D99B900F17280 /* ViewController.swift */; };
		822276331C3D99B900F17280 /* Main.storyboard in Resources */ = {isa = PBXBuildFile; fileRef = 822276311C3D99B900F17280 /* Main.storyboard */; };
		822276351C3D99B900F17280 /* Assets.xcassets in Resources */ = {isa = PBXBuildFile; fileRef = 822276341C3D99B900F17280 /* Assets.xcassets */; };
		822276381C3D99B900F17280 /* LaunchScreen.storyboard in Resources */ = {isa = PBXBuildFile; fileRef = 822276361C3D99B900F17280 /* LaunchScreen.storyboard */; };
		822276431C3D99B900F17280 /* AboutMeTests.swift in Sources */ = {isa = PBXBuildFile; fileRef = 822276421C3D99B900F17280 /* AboutMeTests.swift */; };
/* End PBXBuildFile section */

/* Begin PBXContainerItemProxy section */
		8222763F1C3D99B900F17280 /* PBXContainerItemProxy */ = {
			isa = PBXContainerItemProxy;
			containerPortal = 822276221C3D99B900F17280 /* Project object */;
			proxyType = 1;
			remoteGlobalIDString = 822276291C3D99B900F17280;
			remoteInfo = AboutMe;
		};
/* End PBXContainerItemProxy section */

/* Begin PBXFileReference section */
		8222762A1C3D99B900F17280 /* AboutMe.app */ = {isa = PBXFileReference; explicitFileType = wrapper.application; includeInIndex = 0; path = AboutMe.app; sourceTree = BUILT_PRODUCTS_DIR; };
		8222762D1C3D99B900F17280 /* AppDelegate.swift */ = {isa = PBXFileReference; lastKnownFileType = sourcecode.swift; path = AppDelegate.swift; sourceTree = "<group>"; };
		8222762F1C3D99B900F17280 /* ViewController.swift */ = {isa = PBXFileReference; lastKnownFileType = sourcecode.swift; path = ViewController.swift; sourceTree = "<group>"; };
		822276321C3D99B900F17280 /* Base */ = {isa = PBXFileReference; lastKnownFileType = file.storyboard; name = Base; path = Base.lproj/Main.storyboard; sourceTree = "<group>"; };
		822276341C3D99B900F17280 /* Assets.xcassets */ = {isa = PBXFileReference; lastKnownFileType = folder.assetcatalog; path = Assets.xcassets; sourceTree = "<group>"; };
		822276371C3D99B900F17280 /* Base */ = {isa = PBXFileReference; lastKnownFileType = file.storyboard; name = Base; path = Base.lproj/LaunchScreen.storyboard; sourceTree = "<group>"; };
		822276391C3D99B900F17280 /* Info.plist */ = {isa = PBXFileReference; lastKnownFileType = text.plist.xml; path = Info.plist; sourceTree = "<group>"; };
		8222763E1C3D99B900F17280 /* AboutMeTests.xctest */ = {isa = PBXFileReference; explicitFileType = wrapper.cfbundle; includeInIndex = 0; path = AboutMeTests.xctest; sourceTree = BUILT_PRODUCTS_DIR; };
		822276421C3D99B900F17280 /* AboutMeTests.swift */ = {isa = PBXFileReference; lastKnownFileType = sourcecode.swift; path = AboutMeTests.swift; sourceTree = "<group>"; };
		822276441C3D99B900F17280 /* Info.plist */ = {isa = PBXFileReference; lastKnownFileType = text.plist.xml; path = Info.plist; sourceTree = "<group>"; };
/* End PBXFileReference section */

/* Begin PBXFrameworksBuildPhase section */
		822276271C3D99B900F17280 /* Frameworks */ = {
			isa = PBXFrameworksBuildPhase;
			buildActionMask = 2147483647;
			files = (
			);
			runOnlyForDeploymentPostprocessing = 0;
		};
		8222763B1C3D99B900F17280 /* Frameworks */ = {
			isa = PBXFrameworksBuildPhase;
			buildActionMask = 2147483647;
			files = (
			);
			runOnlyForDeploymentPostprocessing = 0;
		};
/* End PBXFrameworksBuildPhase section */

/* Begin PBXGroup section */
		822276211C3D99B900F17280 = {
			isa = PBXGroup;
			children = (
				8222762C1C3D99B900F17280 /* AboutMe */,
				822276411C3D99B900F17280 /* AboutMeTests */,
				8222762B1C3D99B900F17280 /* Products */,
			);
			sourceTree = "<group>";
		};
		8222762B1C3D99B900F17280 /* Products */ = {
			isa = PBXGroup;
			children = (
				8222762A1C3D99B900F17280 /* AboutMe.app */,
				8222763E1C3D99B900F17280 /* AboutMeTests.xctest */,
			);
			name = Products;
			sourceTree = "<group>";
		};
		8222762C1C3D99B900F17280 /* AboutMe */ = {
			isa = PBXGroup;
			children = (
				8222762D1C3D99B900F17280 /* AppDelegate.swift */,
				8222762F1C3D99B900F17280 /* ViewController.swift */,
				822276311C3D99B900F17280 /* Main.storyboard */,
				822276341C3D99B900F17280 /* Assets.xcassets */,
				822276361C3D99B900F17280 /* LaunchScreen.storyboard */,
				822276391C3D99B900F17280 /* Info.plist */,
			);
			path = AboutMe;
			sourceTree = "<group>";
		};
		822276411C3D99B900F17280 /* AboutMeTests */ = {
			isa = PBXGroup;
			children = (
				822276421C3D99B900F17280 /* AboutMeTests.swift */,
				822276441C3D99B900F17280 /* Info.plist */,
			);
			path = AboutMeTests;
			sourceTree = "<group>";
		};
/* End PBXGroup section */

/* Begin PBXNativeTarget section */
		822276291C3D99B900F17280 /* AboutMe */ = {
			isa = PBXNativeTarget;
			buildConfigurationList = 822276471C3D99B900F17280 /* Build configuration list for PBXNativeTarget "AboutMe" */;
			buildPhases = (
				822276261C3D99B900F17280 /* Sources */,
				822276271C3D99B900F17280 /* Frameworks */,
				822276281C3D99B900F17280 /* Resources */,
			);
			buildRules = (
			);
			dependencies = (
			);
			name = AboutMe;
			productName = AboutMe;
			productReference = 8222762A1C3D99B900F17280 /* AboutMe.app */;
			productType = "com.apple.product-type.application";
		};
		8222763D1C3D99B900F17280 /* AboutMeTests */ = {
			isa = PBXNativeTarget;
			buildConfigurationList = 8222764A1C3D99B900F17280 /* Build configuration list for PBXNativeTarget "AboutMeTests" */;
			buildPhases = (
				8222763A1C3D99B900F17280 /* Sources */,
				8222763B1C3D99B900F17280 /* Frameworks */,
				8222763C1C3D99B900F17280 /* Resources */,
			);
			buildRules = (
			);
			dependencies = (
				822276401C3D99B900F17280 /* PBXTargetDependency */,
			);
			name = AboutMeTests;
			productName = AboutMeTests;
			productReference = 8222763E1C3D99B900F17280 /* AboutMeTests.xctest */;
			productType = "com.apple.product-type.bundle.unit-test";
		};
/* End PBXNativeTarget section */

/* Begin PBXProject section */
		822276221C3D99B900F17280 /* Project object */ = {
			isa = PBXProject;
			attributes = {
				LastSwiftUpdateCheck = 0720;
				LastUpgradeCheck = 0720;
				ORGANIZATIONNAME = CTEC;
				TargetAttributes = {
					822276291C3D99B900F17280 = {
						CreatedOnToolsVersion = 7.2;
					};
					8222763D1C3D99B900F17280 = {
						CreatedOnToolsVersion = 7.2;
						TestTargetID = 822276291C3D99B900F17280;
					};
				};
			};
			buildConfigurationList = 822276251C3D99B900F17280 /* Build configuration list for PBXProject "AboutMe" */;
			compatibilityVersion = "Xcode 3.2";
			developmentRegion = English;
			hasScannedForEncodings = 0;
			knownRegions = (
				en,
				Base,
			);
			mainGroup = 822276211C3D99B900F17280;
			productRefGroup = 8222762B1C3D99B900F17280 /* Products */;
			projectDirPath = "";
			projectRoot = "";
			targets = (
				822276291C3D99B900F17280 /* AboutMe */,
				8222763D1C3D99B900F17280 /* AboutMeTests */,
			);
		};
/* End PBXProject section */

/* Begin PBXResourcesBuildPhase section */
		822276281C3D99B900F17280 /* Resources */ = {
			isa = PBXResourcesBuildPhase;
			buildActionMask = 2147483647;
			files = (
				822276381C3D99B900F17280 /* LaunchScreen.storyboard in Resources */,
				822276351C3D99B900F17280 /* Assets.xcassets in Resources */,
				822276331C3D99B900F17280 /* Main.storyboard in Resources */,
			);
			runOnlyForDeploymentPostprocessing = 0;
		};
		8222763C1C3D99B900F17280 /* Resources */ = {
			isa = PBXResourcesBuildPhase;
			buildActionMask = 2147483647;
			files = (
			);
			runOnlyForDeploymentPostprocessing = 0;
		};
/* End PBXResourcesBuildPhase section */

/* Begin PBXSourcesBuildPhase section */
		822276261C3D99B900F17280 /* Sources */ = {
			isa = PBXSourcesBuildPhase;
			buildActionMask = 2147483647;
			files = (
				822276301C3D99B900F17280 /* ViewController.swift in Sources */,
				8222762E1C3D99B900F17280 /* AppDelegate.swift in Sources */,
			);
			runOnlyForDeploymentPostprocessing = 0;
		};
		8222763A1C3D99B900F17280 /* Sources */ = {
			isa = PBXSourcesBuildPhase;
			buildActionMask = 2147483647;
			files = (
				822276431C3D99B900F17280 /* AboutMeTests.swift in Sources */,
			);
			runOnlyForDeploymentPostprocessing = 0;
		};
/* End PBXSourcesBuildPhase section */

/* Begin PBXTargetDependency section */
		822276401C3D99B900F17280 /* PBXTargetDependency */ = {
			isa = PBXTargetDependency;
			target = 822276291C3D99B900F17280 /* AboutMe */;
			targetProxy = 8222763F1C3D99B900F17280 /* PBXContainerItemProxy */;
		};
/* End PBXTargetDependency section */

/* Begin PBXVariantGroup section */
		822276311C3D99B900F17280 /* Main.storyboard */ = {
			isa = PBXVariantGroup;
			children = (
				822276321C3D99B900F17280 /* Base */,
			);
			name = Main.storyboard;
			sourceTree = "<group>";
		};
		822276361C3D99B900F17280 /* LaunchScreen.storyboard */ = {
			isa = PBXVariantGroup;
			children = (
				822276371C3D99B900F17280 /* Base */,
			);
			name = LaunchScreen.storyboard;
			sourceTree = "<group>";
		};
/* End PBXVariantGroup section */

/* Begin XCBuildConfiguration section */
		822276451C3D99B900F17280 /* Debug */ = {
			isa = XCBuildConfiguration;
			buildSettings = {
				ALWAYS_SEARCH_USER_PATHS = NO;
				CLANG_CXX_LANGUAGE_STANDARD = "gnu++0x";
				CLANG_CXX_LIBRARY = "libc++";
				CLANG_ENABLE_MODULES = YES;
				CLANG_ENABLE_OBJC_ARC = YES;
				CLANG_WARN_BOOL_CONVERSION = YES;
				CLANG_WARN_CONSTANT_CONVERSION = YES;
				CLANG_WARN_DIRECT_OBJC_ISA_USAGE = YES_ERROR;
				CLANG_WARN_EMPTY_BODY = YES;
				CLANG_WARN_ENUM_CONVERSION = YES;
				CLANG_WARN_INT_CONVERSION = YES;
				CLANG_WARN_OBJC_ROOT_CLASS = YES_ERROR;
				CLANG_WARN_UNREACHABLE_CODE = YES;
				CLANG_WARN__DUPLICATE_METHOD_MATCH = YES;
				"CODE_SIGN_IDENTITY[sdk=iphoneos*]" = "iPhone Developer";
				COPY_PHASE_STRIP = NO;
				DEBUG_INFORMATION_FORMAT = dwarf;
				ENABLE_STRICT_OBJC_MSGSEND = YES;
				ENABLE_TESTABILITY = YES;
				GCC_C_LANGUAGE_STANDARD = gnu99;
				GCC_DYNAMIC_NO_PIC = NO;
				GCC_NO_COMMON_BLOCKS = YES;
				GCC_OPTIMIZATION_LEVEL = 0;
				GCC_PREPROCESSOR_DEFINITIONS = (
					"DEBUG=1",
					"$(inherited)",
				);
				GCC_WARN_64_TO_32_BIT_CONVERSION = YES;
				GCC_WARN_ABOUT_RETURN_TYPE = YES_ERROR;
				GCC_WARN_UNDECLARED_SELECTOR = YES;
				GCC_WARN_UNINITIALIZED_AUTOS = YES_AGGRESSIVE;
				GCC_WARN_UNUSED_FUNCTION = YES;
				GCC_WARN_UNUSED_VARIABLE = YES;
				IPHONEOS_DEPLOYMENT_TARGET = 9.2;
				MTL_ENABLE_DEBUG_INFO = YES;
				ONLY_ACTIVE_ARCH = YES;
				SDKROOT = iphoneos;
				SWIFT_OPTIMIZATION_LEVEL = "-Onone";
				TARGETED_DEVICE_FAMILY = "1,2";
			};
			name = Debug;
		};
		822276461C3D99B900F17280 /* Release */ = {
			isa = XCBuildConfiguration;
			buildSettings = {
				ALWAYS_SEARCH_USER_PATHS = NO;
				CLANG_CXX_LANGUAGE_STANDARD = "gnu++0x";
				CLANG_CXX_LIBRARY = "libc++";
				CLANG_ENABLE_MODULES = YES;
				CLANG_ENABLE_OBJC_ARC = YES;
				CLANG_WARN_BOOL_CONVERSION = YES;
				CLANG_WARN_CONSTANT_CONVERSION = YES;
				CLANG_WARN_DIRECT_OBJC_ISA_USAGE = YES_ERROR;
				CLANG_WARN_EMPTY_BODY = YES;
				CLANG_WARN_ENUM_CONVERSION = YES;
				CLANG_WARN_INT_CONVERSION = YES;
				CLANG_WARN_OBJC_ROOT_CLASS = YES_ERROR;
				CLANG_WARN_UNREACHABLE_CODE = YES;
				CLANG_WARN__DUPLICATE_METHOD_MATCH = YES;
				"CODE_SIGN_IDENTITY[sdk=iphoneos*]" = "iPhone Developer";
				COPY_PHASE_STRIP = NO;
				DEBUG_INFORMATION_FORMAT = "dwarf-with-dsym";
				ENABLE_NS_ASSERTIONS = NO;
				ENABLE_STRICT_OBJC_MSGSEND = YES;
				GCC_C_LANGUAGE_STANDARD = gnu99;
				GCC_NO_COMMON_BLOCKS = YES;
				GCC_WARN_64_TO_32_BIT_CONVERSION = YES;
				GCC_WARN_ABOUT_RETURN_TYPE = YES_ERROR;
				GCC_WARN_UNDECLARED_SELECTOR = YES;
				GCC_WARN_UNINITIALIZED_AUTOS = YES_AGGRESSIVE;
				GCC_WARN_UNUSED_FUNCTION = YES;
				GCC_WARN_UNUSED_VARIABLE = YES;
				IPHONEOS_DEPLOYMENT_TARGET = 9.2;
				MTL_ENABLE_DEBUG_INFO = NO;
				SDKROOT = iphoneos;
				TARGETED_DEVICE_FAMILY = "1,2";
				VALIDATE_PRODUCT = YES;
			};
			name = Release;
		};
		822276481C3D99B900F17280 /* Debug */ = {
			isa = XCBuildConfiguration;
			buildSettings = {
				ASSETCATALOG_COMPILER_APPICON_NAME = AppIcon;
				INFOPLIST_FILE = AboutMe/Info.plist;
				LD_RUNPATH_SEARCH_PATHS = "$(inherited) @executable_path/Frameworks";
				PRODUCT_BUNDLE_IDENTIFIER = ctec.AboutMe;
				PRODUCT_NAME = "$(TARGET_NAME)";
			};
			name = Debug;
		};
		822276491C3D99B900F17280 /* Release */ = {
			isa = XCBuildConfiguration;
			buildSettings = {
				ASSETCATALOG_COMPILER_APPICON_NAME = AppIcon;
				INFOPLIST_FILE = AboutMe/Info.plist;
				LD_RUNPATH_SEARCH_PATHS = "$(inherited) @executable_path/Frameworks";
				PRODUCT_BUNDLE_IDENTIFIER = ctec.AboutMe;
				PRODUCT_NAME = "$(TARGET_NAME)";
			};
			name = Release;
		};
		8222764B1C3D99B900F17280 /* Debug */ = {
			isa = XCBuildConfiguration;
			buildSettings = {
				BUNDLE_LOADER = "$(TEST_HOST)";
				INFOPLIST_FILE = AboutMeTests/Info.plist;
				LD_RUNPATH_SEARCH_PATHS = "$(inherited) @executable_path/Frameworks @loader_path/Frameworks";
				PRODUCT_BUNDLE_IDENTIFIER = ctec.AboutMeTests;
				PRODUCT_NAME = "$(TARGET_NAME)";
				TEST_HOST = "$(BUILT_PRODUCTS_DIR)/AboutMe.app/AboutMe";
			};
			name = Debug;
		};
		8222764C1C3D99B900F17280 /* Release */ = {
			isa = XCBuildConfiguration;
			buildSettings = {
				BUNDLE_LOADER = "$(TEST_HOST)";
				INFOPLIST_FILE = AboutMeTests/Info.plist;
				LD_RUNPATH_SEARCH_PATHS = "$(inherited) @executable_path/Frameworks @loader_path/Frameworks";
				PRODUCT_BUNDLE_IDENTIFIER = ctec.AboutMeTests;
				PRODUCT_NAME = "$(TARGET_NAME)";
				TEST_HOST = "$(BUILT_PRODUCTS_DIR)/AboutMe.app/AboutMe";
			};
			name = Release;
		};
/* End XCBuildConfiguration section */

/* Begin XCConfigurationList section */
		822276251C3D99B900F17280 /* Build configuration list for PBXProject "AboutMe" */ = {
			isa = XCConfigurationList;
			buildConfigurations = (
				822276451C3D99B900F17280 /* Debug */,
				822276461C3D99B900F17280 /* Release */,
			);
			defaultConfigurationIsVisible = 0;
			defaultConfigurationName = Release;
		};
		822276471C3D99B900F17280 /* Build configuration list for PBXNativeTarget "AboutMe" */ = {
			isa = XCConfigurationList;
			buildConfigurations = (
				822276481C3D99B900F17280 /* Debug */,
				822276491C3D99B900F17280 /* Release */,
			);
			defaultConfigurationIsVisible = 0;
		};
		8222764A1C3D99B900F17280 /* Build configuration list for PBXNativeTarget "AboutMeTests" */ = {
			isa = XCConfigurationList;
			buildConfigurations = (
				8222764B1C3D99B900F17280 /* Debug */,
				8222764C1C3D99B900F17280 /* Release */,
			);
			defaultConfigurationIsVisible = 0;
		};
/* End XCConfigurationList section */
	};
	rootObject = 822276221C3D99B900F17280 /* Project object */;
}
